github.com/gorilla/websocket v1.4.1 h1:q7AeDBpnBk8AogcD4DSag/Ukw/KV+YhzLj2bP5HvKCM=
github.com/gorilla/websocket v1.4.1/go.mod h1:YR8l580nyteQvAITg2hZ9XVh4b55+EU/adAjf1fMHhE=
github.com/loganstone/trace v0.0.0-20171217123635-28f532653bfa h1:I1Guvpaf6ga4UmLdpObVVjnTlXsmANQUbgFiXHjDzM4=
github.com/loganstone/trace v0.0.0-20171217123635-28f532653bfa/go.mod h1:ikfOAJG4EyLZcpAxc28ff8G5e7Qoc7BNj8YfkA4jUqA=
