# THIS IS AN AUTOGENERATED FILE. DO NOT EDIT THIS FILE DIRECTLY.
# yarn lockfile v1


bulma@^0.6.1:
  version "0.6.1"
  resolved "https://registry.yarnpkg.com/bulma/-/bulma-0.6.1.tgz#5f21a77c0c06f7d80051c06628c23516081bd649"

font-awesome@^4.7.0:
  version "4.7.0"
  resolved "https://registry.yarnpkg.com/font-awesome/-/font-awesome-4.7.0.tgz#8fa8cf0411a1a31afd07b06d2902bb9fc815a133"

moment@^2.19.4:
  version "2.19.4"
  resolved "https://registry.yarnpkg.com/moment/-/moment-2.19.4.tgz#17e5e2c6ead8819c8ecfad83a0acccb312e94682"

vue@^2.5.11:
  version "2.5.11"
  resolved "https://registry.yarnpkg.com/vue/-/vue-2.5.11.tgz#80ca2657aa81f03545cd8dd5a2f55454641e6405"
